
Microsoft Visual Studio Solution File, Format Version 12.00
# Visual Studio Version 16
VisualStudioVersion = 16.0.32106.194
MinimumVisualStudioVersion = 10.0.40219.1
Project("{FAE04EC0-301F-11D3-BF4B-00C04F79EFBC}") = "DatingAppAPI", "DatingAppAPI\DatingAppAPI.csproj", "{4D7E3B20-674E-42B1-8A0D-7B82B8B9019C}"
EndProject
Global
	GlobalSection(SolutionConfigurationPlatforms) = preSolution
		Debug|Any CPU = Debug|Any CPU
		Release|Any CPU = Release|Any CPU
	EndGlobalSection
	GlobalSection(ProjectConfigurationPlatforms) = postSolution
		{4D7E3B20-674E-42B1-8A0D-7B82B8B9019C}.Debug|Any CPU.ActiveCfg = Debug|Any CPU
		{4D7E3B20-674E-42B1-8A0D-7B82B8B9019C}.Debug|Any CPU.Build.0 = Debug|Any CPU
		{4D7E3B20-674E-42B1-8A0D-7B82B8B9019C}.Release|Any CPU.ActiveCfg = Release|Any CPU
		{4D7E3B20-674E-42B1-8A0D-7B82B8B9019C}.Release|Any CPU.Build.0 = Release|Any CPU
	EndGlobalSection
	GlobalSection(SolutionProperties) = preSolution
		HideSolutionNode = FALSE
	EndGlobalSection
	GlobalSection(ExtensibilityGlobals) = postSolution
		SolutionGuid = {D24F1B14-578C-46DF-A950-FBBD64F85698}
	EndGlobalSection
EndGlobal
